<?xml version="1.0" encoding="utf-8"?>
<Project ToolsVersion="4.0" xmlns="http://schemas.microsoft.com/developer/msbuild/2003">
  <ItemGroup>
    <ClCompile Include="Client.cpp">
      <Filter>Code</Filter>
    </ClCompile>
    <ClCompile Include="ClientUpdateManager.cpp">
      <Filter>Code\Systems</Filter>
    </ClCompile>
    <ClCompile Include="WorldRenderer.cpp">
      <Filter>Code\Systems</Filter>
    </ClCompile>
  </ItemGroup>
  <ItemGroup>
    <ClInclude Include="ClientPhysicsEntity.h">
      <Filter>Code\Entities</Filter>
    </ClInclude>
    <ClInclude Include="ClientPlayerEntity.h">
      <Filter>Code\Entities</Filter>
    </ClInclude>
    <ClInclude Include="Client.h">
      <Filter>Code</Filter>
    </ClInclude>
    <ClInclude Include="ClientFactoryManifest.h">
      <Filter>Code</Filter>
    </ClInclude>
    <ClInclude Include="ClientUpdateManager.h">
      <Filter>Code\Systems</Filter>
    </ClInclude>
    <ClInclude Include="InputManager.h">
      <Filter>Code\Systems</Filter>
    </ClInclude>
    <ClInclude Include="WorldRenderer.h">
      <Filter>Code\Systems</Filter>
    </ClInclude>
  </ItemGroup>
  <ItemGroup>
    <Filter Include="Code">
      <UniqueIdentifier>{272450b3-b446-44fe-b81c-4280b33f22c3}</UniqueIdentifier>
    </Filter>
    <Filter Include="Code\Entities">
      <UniqueIdentifier>{f695c1d6-6690-4aa9-ae88-7627f2431457}</UniqueIdentifier>
    </Filter>
    <Filter Include="Code\Systems">
      <UniqueIdentifier>{8f796418-571e-4e1c-bf88-d381b417a9bd}</UniqueIdentifier>
    </Filter>
    <Filter Include="Code\Geometry">
      <UniqueIdentifier>{4384f65b-f5e1-466e-b1bd-2452da6d8eed}</UniqueIdentifier>
    </Filter>
  </ItemGroup>
</Project>