<?xml version="1.0" encoding="utf-8"?>
<Project ToolsVersion="4.0" xmlns="http://schemas.microsoft.com/developer/msbuild/2003">
  <ItemGroup>
    <ClCompile Include="ServerUpdateManager.cpp">
      <Filter>Code\Systems</Filter>
    </ClCompile>
    <ClCompile Include="WorldSimulator.cpp">
      <Filter>Code\Systems</Filter>
    </ClCompile>
    <ClCompile Include="Server.cpp">
      <Filter>Code</Filter>
    </ClCompile>
  </ItemGroup>
  <ItemGroup>
    <ClInclude Include="ServerStaticEntity.h">
      <Filter>Code\Entities</Filter>
    </ClInclude>
    <ClInclude Include="ServerPhysicsEntity.h">
      <Filter>Code\Entities</Filter>
    </ClInclude>
    <ClInclude Include="ServerPlayerEntity.h">
      <Filter>Code\Entities</Filter>
    </ClInclude>
    <ClInclude Include="ServerUpdateManager.h">
      <Filter>Code\Systems</Filter>
    </ClInclude>
    <ClInclude Include="WorldSimulator.h">
      <Filter>Code\Systems</Filter>
    </ClInclude>
    <ClInclude Include="Server.h">
      <Filter>Code</Filter>
    </ClInclude>
    <ClInclude Include="ServerFactoryManifest.h">
      <Filter>Code</Filter>
    </ClInclude>
    <ClInclude Include="ServerStaticGeometry.h">
      <Filter>Code\Geometry</Filter>
    </ClInclude>
  </ItemGroup>
  <ItemGroup>
    <Filter Include="Code">
      <UniqueIdentifier>{1e41ec3b-ba2d-4064-8233-d4130e7349cb}</UniqueIdentifier>
    </Filter>
    <Filter Include="Code\Geometry">
      <UniqueIdentifier>{ec1c4484-be79-4e1f-acd6-42b21d70bdbc}</UniqueIdentifier>
    </Filter>
    <Filter Include="Code\Entities">
      <UniqueIdentifier>{14aa179b-09be-4faa-ab22-7a6ed3737890}</UniqueIdentifier>
    </Filter>
    <Filter Include="Code\Systems">
      <UniqueIdentifier>{31461e0c-8d2f-4ee1-a016-bc5189563c4f}</UniqueIdentifier>
    </Filter>
  </ItemGroup>
</Project>